
Microsoft Visual Studio Solution File, Format Version 12.00
# Visual Studio Version 17
VisualStudioVersion = 17.9.34701.34
MinimumVisualStudioVersion = 10.0.40219.1
Project("{2150E333-8FDC-42A3-9474-1A3956D46DE8}") = "Entidades", "Entidades", "{2D29B554-A461-4EF4-9958-4D4E6EAE1EAE}"
EndProject
Project("{2150E333-8FDC-42A3-9474-1A3956D46DE8}") = "Servicios", "Servicios", "{BAC7B6CD-F18F-4795-A03E-D2A75BA7350B}"
EndProject
Project("{2150E333-8FDC-42A3-9474-1A3956D46DE8}") = "Presentacion", "Presentacion", "{E5BED643-BE13-47D4-949D-15D3073BBACA}"
EndProject
Project("{2150E333-8FDC-42A3-9474-1A3956D46DE8}") = "Repositorio", "Repositorio", "{1CEB0160-0CFD-4B79-B48A-A98EDC2E992E}"
EndProject
Project("{FAE04EC0-301F-11D3-BF4B-00C04F79EFBC}") = "Entidades.CuentaApertura", "Entidades\Entidades.CuentaApertura.csproj", "{67FF435C-7ED9-4B2C-8425-57612CD62D38}"
EndProject
Project("{FAE04EC0-301F-11D3-BF4B-00C04F79EFBC}") = "Presentacion.CuentaApertura", "Presentacion.CuentaApertura\Presentacion.CuentaApertura.csproj", "{3DC5B1FA-067C-48A5-8269-954B8BA129AF}"
EndProject
Project("{2150E333-8FDC-42A3-9474-1A3956D46DE8}") = "Interfaces", "Interfaces", "{93E098B1-93D0-41B4-AF18-ADBE6F9E3FC3}"
EndProject
Project("{2150E333-8FDC-42A3-9474-1A3956D46DE8}") = "Services", "Services", "{747BB35C-08FB-4DB3-BC85-C3E5EC52B32A}"
EndProject
Global
	GlobalSection(SolutionConfigurationPlatforms) = preSolution
		Debug|Any CPU = Debug|Any CPU
		Release|Any CPU = Release|Any CPU
	EndGlobalSection
	GlobalSection(ProjectConfigurationPlatforms) = postSolution
		{67FF435C-7ED9-4B2C-8425-57612CD62D38}.Debug|Any CPU.ActiveCfg = Debug|Any CPU
		{67FF435C-7ED9-4B2C-8425-57612CD62D38}.Debug|Any CPU.Build.0 = Debug|Any CPU
		{67FF435C-7ED9-4B2C-8425-57612CD62D38}.Release|Any CPU.ActiveCfg = Release|Any CPU
		{67FF435C-7ED9-4B2C-8425-57612CD62D38}.Release|Any CPU.Build.0 = Release|Any CPU
		{3DC5B1FA-067C-48A5-8269-954B8BA129AF}.Debug|Any CPU.ActiveCfg = Debug|Any CPU
		{3DC5B1FA-067C-48A5-8269-954B8BA129AF}.Debug|Any CPU.Build.0 = Debug|Any CPU
		{3DC5B1FA-067C-48A5-8269-954B8BA129AF}.Release|Any CPU.ActiveCfg = Release|Any CPU
		{3DC5B1FA-067C-48A5-8269-954B8BA129AF}.Release|Any CPU.Build.0 = Release|Any CPU
	EndGlobalSection
	GlobalSection(SolutionProperties) = preSolution
		HideSolutionNode = FALSE
	EndGlobalSection
	GlobalSection(NestedProjects) = preSolution
		{67FF435C-7ED9-4B2C-8425-57612CD62D38} = {2D29B554-A461-4EF4-9958-4D4E6EAE1EAE}
		{3DC5B1FA-067C-48A5-8269-954B8BA129AF} = {E5BED643-BE13-47D4-949D-15D3073BBACA}
		{93E098B1-93D0-41B4-AF18-ADBE6F9E3FC3} = {BAC7B6CD-F18F-4795-A03E-D2A75BA7350B}
		{747BB35C-08FB-4DB3-BC85-C3E5EC52B32A} = {BAC7B6CD-F18F-4795-A03E-D2A75BA7350B}
	EndGlobalSection
	GlobalSection(ExtensibilityGlobals) = postSolution
		SolutionGuid = {D9D1D6D2-94DA-4210-A355-2FC91D718AF9}
	EndGlobalSection
EndGlobal
